Microsoft Visual Studio Solution File, Format Version 12.00
# Visual Studio Version 17
VisualStudioVersion = 17.5.2.0
MinimumVisualStudioVersion = 10.0.40219.1
Project("{FAE04EC0-301F-11D3-BF4B-00C04F79EFBC}") = "ModLangOrganizer", "ModLangOrganizer\ModLangOrganizer.csproj", "{39D41FBF-D19A-6844-DA9A-7803CD068275}"
EndProject
Project("{2150E333-8FDC-42A3-9474-1A3956D46DE8}") = "ModLangOrganizer (1)", "ModLangOrganizer (1)", "{D6F154B7-48E6-631B-0BE2-492E3F3FD92D}"
EndProject
Project("{FAE04EC0-301F-11D3-BF4B-00C04F79EFBC}") = "ModLangOrganizer_pteo4taj_wpftmp", "ModLangOrganizer\ModLangOrganizer_pteo4taj_wpftmp.csproj", "{2A04CBD4-072C-08EA-66A7-25D10B392F81}"
EndProject
Global
	GlobalSection(SolutionConfigurationPlatforms) = preSolution
		Debug|Any CPU = Debug|Any CPU
		Release|Any CPU = Release|Any CPU
	EndGlobalSection
	GlobalSection(ProjectConfigurationPlatforms) = postSolution
		{39D41FBF-D19A-6844-DA9A-7803CD068275}.Debug|Any CPU.ActiveCfg = Debug|Any CPU
		{39D41FBF-D19A-6844-DA9A-7803CD068275}.Debug|Any CPU.Build.0 = Debug|Any CPU
		{39D41FBF-D19A-6844-DA9A-7803CD068275}.Release|Any CPU.ActiveCfg = Release|Any CPU
		{39D41FBF-D19A-6844-DA9A-7803CD068275}.Release|Any CPU.Build.0 = Release|Any CPU
		{2A04CBD4-072C-08EA-66A7-25D10B392F81}.Debug|Any CPU.ActiveCfg = Debug|Any CPU
		{2A04CBD4-072C-08EA-66A7-25D10B392F81}.Debug|Any CPU.Build.0 = Debug|Any CPU
		{2A04CBD4-072C-08EA-66A7-25D10B392F81}.Release|Any CPU.ActiveCfg = Release|Any CPU
		{2A04CBD4-072C-08EA-66A7-25D10B392F81}.Release|Any CPU.Build.0 = Release|Any CPU
	EndGlobalSection
	GlobalSection(SolutionProperties) = preSolution
		HideSolutionNode = FALSE
	EndGlobalSection
	GlobalSection(NestedProjects) = preSolution
		{2A04CBD4-072C-08EA-66A7-25D10B392F81} = {D6F154B7-48E6-631B-0BE2-492E3F3FD92D}
	EndGlobalSection
	GlobalSection(ExtensibilityGlobals) = postSolution
		SolutionGuid = {D246B77D-9818-4545-BB96-578E02C0E7CE}
	EndGlobalSection
EndGlobal
